Microsoft Visual Studio Solution File, Format Version 12.00
# Visual Studio Version 17
VisualStudioVersion = 17.5.2.0
MinimumVisualStudioVersion = 10.0.40219.1
Project("{FAE04EC0-301F-11D3-BF4B-00C04F79EFBC}") = "1298_DuyHung", "1298_DuyHung.csproj", "{DD5CC51E-7B7E-E2AB-EC6F-198489498FC5}"
EndProject
Global
	GlobalSection(SolutionConfigurationPlatforms) = preSolution
		Debug|Any CPU = Debug|Any CPU
		Release|Any CPU = Release|Any CPU
	EndGlobalSection
	GlobalSection(ProjectConfigurationPlatforms) = postSolution
		{DD5CC51E-7B7E-E2AB-EC6F-198489498FC5}.Debug|Any CPU.ActiveCfg = Debug|Any CPU
		{DD5CC51E-7B7E-E2AB-EC6F-198489498FC5}.Debug|Any CPU.Build.0 = Debug|Any CPU
		{DD5CC51E-7B7E-E2AB-EC6F-198489498FC5}.Release|Any CPU.ActiveCfg = Release|Any CPU
		{DD5CC51E-7B7E-E2AB-EC6F-198489498FC5}.Release|Any CPU.Build.0 = Release|Any CPU
	EndGlobalSection
	GlobalSection(SolutionProperties) = preSolution
		HideSolutionNode = FALSE
	EndGlobalSection
	GlobalSection(ExtensibilityGlobals) = postSolution
		SolutionGuid = {01295CB1-4910-4BB9-9E6A-5D5D1D15F866}
	EndGlobalSection
EndGlobal
